
Microsoft Visual Studio Solution File, Format Version 12.00
# Visual Studio Version 16
VisualStudioVersion = 16.0.31025.194
MinimumVisualStudioVersion = 10.0.40219.1
Project("{FAE04EC0-301F-11D3-BF4B-00C04F79EFBC}") = "Crypted_Notification", "Crypted_Notification\Crypted_Notification.csproj", "{72846931-A9B7-4931-B128-CD41158EF49E}"
EndProject
Global
	GlobalSection(SolutionConfigurationPlatforms) = preSolution
		Debug|Any CPU = Debug|Any CPU
		Release|Any CPU = Release|Any CPU
	EndGlobalSection
	GlobalSection(ProjectConfigurationPlatforms) = postSolution
		{72846931-A9B7-4931-B128-CD41158EF49E}.Debug|Any CPU.ActiveCfg = Debug|Any CPU
		{72846931-A9B7-4931-B128-CD41158EF49E}.Debug|Any CPU.Build.0 = Debug|Any CPU
		{72846931-A9B7-4931-B128-CD41158EF49E}.Release|Any CPU.ActiveCfg = Release|Any CPU
		{72846931-A9B7-4931-B128-CD41158EF49E}.Release|Any CPU.Build.0 = Release|Any CPU
	EndGlobalSection
	GlobalSection(SolutionProperties) = preSolution
		HideSolutionNode = FALSE
	EndGlobalSection
	GlobalSection(ExtensibilityGlobals) = postSolution
		SolutionGuid = {A157C7FB-13BE-43E6-B7FC-25E52CFBF451}
	EndGlobalSection
EndGlobal
